// !$*UTF8*$!
{
	archiveVersion = 1;
	classes = {
	};
	objectVersion = 53;
	objects = {

/* Begin PBXBuildFile section */
		840A948D2C6C9F3C00180FFA /* libroothide.tbd in Frameworks */ = {isa = PBXBuildFile; fileRef = 840A94892C6C9F3C00180FFA /* libroothide.tbd */; };
		8477B5E22A7526AB000632D0 /* NSJSONSerialization+Comments.m in Sources */ = {isa = PBXBuildFile; fileRef = 8477B5E02A7526AB000632D0 /* NSJSONSerialization+Comments.m */; settings = {COMPILER_FLAGS = "-fno-objc-arc"; }; };
		847EBF812D9B01DB0052E18F /* MobileCoreServices.framework in Frameworks */ = {isa = PBXBuildFile; fileRef = 847EBF802D9B01DB0052E18F /* MobileCoreServices.framework */; };
		848148292D131A2800CB9FA9 /* AppDataCleaner.m in Sources */ = {isa = PBXBuildFile; fileRef = 848148282D131A2800CB9FA9 /* AppDataCleaner.m */; };
		848D86672DBC606D003C680F /* IOKit.framework in Frameworks */ = {isa = PBXBuildFile; fileRef = 848D86662DBC606D003C680F /* IOKit.framework */; };
		84BBFAC92A7420100054A68E /* VarCleanRules.json in Resources */ = {isa = PBXBuildFile; fileRef = 84BBFAC72A741C800054A68E /* VarCleanRules.json */; };
		A672ABBF27F748E100878787 /* Assets.xcassets in Resources */ = {isa = PBXBuildFile; fileRef = A672ABBE27F748E100878787 /* Assets.xcassets */; };
		A672ABC527F748E100878787 /* main.m in Sources */ = {isa = PBXBuildFile; fileRef = A672ABC427F748E100878787 /* main.m */; };
		BFA3034C2A47EBA800DC242C /* AppInfo.m in Sources */ = {isa = PBXBuildFile; fileRef = BFA3034A2A47EBA800DC242C /* AppInfo.m */; };
		A9B47589F1C47027677602E0 /* AppDelegate.swift in Sources */ = {isa = PBXBuildFile; fileRef = 1F1F7322E3D6FD9B8F13C6F4 /* AppDelegate.swift */; };
		427A750B42BCB2821214B1D1 /* AppUI.swift in Sources */ = {isa = PBXBuildFile; fileRef = EFC90D4646905E1C675CD010 /* AppUI.swift */; };
		DE3EF99B42548AABDB56B5F8 /* ApplicationsViewController.swift in Sources */ = {isa = PBXBuildFile; fileRef = 48D98F0ECB7381B5EE018586 /* ApplicationsViewController.swift */; };
		15386168BE3D6F1250F2C642 /* CleanerViewController.swift in Sources */ = {isa = PBXBuildFile; fileRef = DE1A8B1793CBF40B3F3CC395 /* CleanerViewController.swift */; };
		A47807C9DBB8B298C437C870 /* SettingsViewController.swift in Sources */ = {isa = PBXBuildFile; fileRef = 5DF354BA4E12ECD10CD88066 /* SettingsViewController.swift */; };
		696E2EA6DC77AF0F1EDF6028 /* RHBackend.m in Sources */ = {isa = PBXBuildFile; fileRef = 570EE24F94889E07F90B9E5D /* RHBackend.m */; };
		719B1BF0B660FB7CEF034554 /* RHCleaner.m in Sources */ = {isa = PBXBuildFile; fileRef = 9FDA5EF4DF8534306039B07C /* RHCleaner.m */; };
		1ABB0BD182343F4D3D34C97F /* Localizable.xcstrings in Resources */ = {isa = PBXBuildFile; fileRef = 1D0D1BEDF1A3D6E5DD573FEF /* Localizable.xcstrings */; };
		AF737F9D50873E5F2A866352 /* RHServicePorts.m in Sources */ = {isa = PBXBuildFile; fileRef = 1FC90C131A8DAF0249A56E4D /* RHServicePorts.m */; };
		87A875551EF338E170387F1F /* ServicePortsViewController.swift in Sources */ = {isa = PBXBuildFile; fileRef = 1FBE446981E8180EE6C00850 /* ServicePortsViewController.swift */; };
		9CE313C1225F23ECFF381842 /* URLSchemeRules.swift in Sources */ = {isa = PBXBuildFile; fileRef = 5A3867B2F887651DAF4ED47F /* URLSchemeRules.swift */; };
		853872BBF6F4A946C7A49E52 /* URLSchemeRulesViewController.swift in Sources */ = {isa = PBXBuildFile; fileRef = C651B7E5F16BFE7972ED4FED /* URLSchemeRulesViewController.swift */; };
/* End PBXBuildFile section */

/* Begin PBXFileReference section */
		840A94882C6C9F3C00180FFA /* roothide.h */ = {isa = PBXFileReference; fileEncoding = 4; lastKnownFileType = sourcecode.c.h; path = roothide.h; sourceTree = "<group>"; };
		840A94892C6C9F3C00180FFA /* libroothide.tbd */ = {isa = PBXFileReference; fileEncoding = 4; lastKnownFileType = "sourcecode.text-based-dylib-definition"; path = libroothide.tbd; sourceTree = "<group>"; };
		840A948A2C6C9F3C00180FFA /* module.modulemap */ = {isa = PBXFileReference; fileEncoding = 4; lastKnownFileType = "sourcecode.module-map"; path = module.modulemap; sourceTree = "<group>"; };
		840A948B2C6C9F3C00180FFA /* stub.h */ = {isa = PBXFileReference; fileEncoding = 4; lastKnownFileType = sourcecode.c.h; path = stub.h; sourceTree = "<group>"; };
		840A948C2C6C9F3C00180FFA /* roothide.h */ = {isa = PBXFileReference; fileEncoding = 4; lastKnownFileType = sourcecode.c.h; path = roothide.h; sourceTree = "<group>"; };
		842F706A2ACB58BB002E5574 /* control */ = {isa = PBXFileReference; lastKnownFileType = text; path = control; sourceTree = "<group>"; };
		845F90C02BC4227400E993FB /* Makefile */ = {isa = PBXFileReference; lastKnownFileType = sourcecode.make; path = Makefile; sourceTree = "<group>"; };
		8477B5DD2A75269B000632D0 /* NSJSONSerialization+Comments.h */ = {isa = PBXFileReference; fileEncoding = 4; lastKnownFileType = sourcecode.c.h; name = "NSJSONSerialization+Comments.h"; path = "Umbra/NSJSONSerialization+Comments.h"; sourceTree = SOURCE_ROOT; };
		8477B5E02A7526AB000632D0 /* NSJSONSerialization+Comments.m */ = {isa = PBXFileReference; fileEncoding = 4; lastKnownFileType = sourcecode.c.objc; name = "NSJSONSerialization+Comments.m"; path = "Umbra/NSJSONSerialization+Comments.m"; sourceTree = SOURCE_ROOT; };
		8477B60A2A866CBA000632D0 /* entitlements.plist */ = {isa = PBXFileReference; fileEncoding = 4; lastKnownFileType = text.plist.xml; path = entitlements.plist; sourceTree = "<group>"; };
		847EBF802D9B01DB0052E18F /* MobileCoreServices.framework */ = {isa = PBXFileReference; lastKnownFileType = wrapper.framework; name = MobileCoreServices.framework; path = System/Library/Frameworks/MobileCoreServices.framework; sourceTree = SDKROOT; };
		848148282D131A2800CB9FA9 /* AppDataCleaner.m */ = {isa = PBXFileReference; fileEncoding = 4; lastKnownFileType = sourcecode.c.objc; name = AppDataCleaner.m; path = AppDataCleaner/AppDataCleaner.m; sourceTree = "<group>"; };
		848D86662DBC606D003C680F /* IOKit.framework */ = {isa = PBXFileReference; lastKnownFileType = wrapper.framework; name = IOKit.framework; path = System/Library/Frameworks/IOKit.framework; sourceTree = SDKROOT; };
		84BBFAC72A741C800054A68E /* VarCleanRules.json */ = {isa = PBXFileReference; lastKnownFileType = text.json; path = VarCleanRules.json; sourceTree = "<group>"; };
		A672ABAF27F748DE00878787 /* Umbra.app */ = {isa = PBXFileReference; explicitFileType = wrapper.application; includeInIndex = 0; path = Umbra.app; sourceTree = BUILT_PRODUCTS_DIR; };
		A672ABBE27F748E100878787 /* Assets.xcassets */ = {isa = PBXFileReference; lastKnownFileType = folder.assetcatalog; path = Assets.xcassets; sourceTree = "<group>"; };
		A672ABC327F748E100878787 /* Info.plist */ = {isa = PBXFileReference; lastKnownFileType = text.plist.xml; path = Info.plist; sourceTree = "<group>"; };
		A672ABC427F748E100878787 /* main.m */ = {isa = PBXFileReference; lastKnownFileType = sourcecode.c.objc; path = main.m; sourceTree = "<group>"; };
		BFA303472A47EBA800DC242C /* AppInfo.h */ = {isa = PBXFileReference; fileEncoding = 4; lastKnownFileType = sourcecode.c.h; path = AppInfo.h; sourceTree = "<group>"; };
		BFA3034A2A47EBA800DC242C /* AppInfo.m */ = {isa = PBXFileReference; fileEncoding = 4; lastKnownFileType = sourcecode.c.objc; path = AppInfo.m; sourceTree = "<group>"; };
		1F1F7322E3D6FD9B8F13C6F4 /* AppDelegate.swift */ = {isa = PBXFileReference; lastKnownFileType = sourcecode.swift; path = "AppDelegate.swift"; sourceTree = "<group>"; };
		EFC90D4646905E1C675CD010 /* AppUI.swift */ = {isa = PBXFileReference; lastKnownFileType = sourcecode.swift; path = "AppUI.swift"; sourceTree = "<group>"; };
		48D98F0ECB7381B5EE018586 /* ApplicationsViewController.swift */ = {isa = PBXFileReference; lastKnownFileType = sourcecode.swift; path = "ApplicationsViewController.swift"; sourceTree = "<group>"; };
		DE1A8B1793CBF40B3F3CC395 /* CleanerViewController.swift */ = {isa = PBXFileReference; lastKnownFileType = sourcecode.swift; path = "CleanerViewController.swift"; sourceTree = "<group>"; };
		5DF354BA4E12ECD10CD88066 /* SettingsViewController.swift */ = {isa = PBXFileReference; lastKnownFileType = sourcecode.swift; path = "SettingsViewController.swift"; sourceTree = "<group>"; };
		5B93F034CF26E44536274ABC /* Umbra-Bridging-Header.h */ = {isa = PBXFileReference; lastKnownFileType = sourcecode.c.h; path = "Umbra-Bridging-Header.h"; sourceTree = "<group>"; };
		24159C11A4C175F78AA2BD6A /* RHBackend.h */ = {isa = PBXFileReference; lastKnownFileType = sourcecode.c.h; path = "RHBackend.h"; sourceTree = "<group>"; };
		570EE24F94889E07F90B9E5D /* RHBackend.m */ = {isa = PBXFileReference; lastKnownFileType = sourcecode.c.objc; path = "RHBackend.m"; sourceTree = "<group>"; };
		6367A7F018A237654230766F /* RHCleaner.h */ = {isa = PBXFileReference; lastKnownFileType = sourcecode.c.h; path = "RHCleaner.h"; sourceTree = "<group>"; };
		9FDA5EF4DF8534306039B07C /* RHCleaner.m */ = {isa = PBXFileReference; lastKnownFileType = sourcecode.c.objc; path = "RHCleaner.m"; sourceTree = "<group>"; };
		1D0D1BEDF1A3D6E5DD573FEF /* Localizable.xcstrings */ = {isa = PBXFileReference; lastKnownFileType = text.json.xcstrings; path = "Localizable.xcstrings"; sourceTree = "<group>"; };
		28E6D18ED1F42CD12BC54B07 /* VarCleanRules.h */ = {isa = PBXFileReference; lastKnownFileType = sourcecode.c.h; path = "VarCleanRules.h"; sourceTree = "<group>"; };
		AD440198402C438BF83FD09C /* RHServicePorts.h */ = {isa = PBXFileReference; lastKnownFileType = sourcecode.c.h; path = "RHServicePorts.h"; sourceTree = "<group>"; };
		1FC90C131A8DAF0249A56E4D /* RHServicePorts.m */ = {isa = PBXFileReference; lastKnownFileType = sourcecode.c.objc; path = "RHServicePorts.m"; sourceTree = "<group>"; };
		1FBE446981E8180EE6C00850 /* ServicePortsViewController.swift */ = {isa = PBXFileReference; lastKnownFileType = sourcecode.swift; path = "ServicePortsViewController.swift"; sourceTree = "<group>"; };
		5A3867B2F887651DAF4ED47F /* URLSchemeRules.swift */ = {isa = PBXFileReference; lastKnownFileType = sourcecode.swift; path = URLSchemeRules.swift; sourceTree = "<group>"; };
		C651B7E5F16BFE7972ED4FED /* URLSchemeRulesViewController.swift */ = {isa = PBXFileReference; lastKnownFileType = sourcecode.swift; path = URLSchemeRulesViewController.swift; sourceTree = "<group>"; };
/* End PBXFileReference section */

/* Begin PBXFrameworksBuildPhase section */
		A672ABAC27F748DE00878787 /* Frameworks */ = {
			isa = PBXFrameworksBuildPhase;
			buildActionMask = 2147483647;
			files = (
				848D86672DBC606D003C680F /* IOKit.framework in Frameworks */,
				847EBF812D9B01DB0052E18F /* MobileCoreServices.framework in Frameworks */,
				840A948D2C6C9F3C00180FFA /* libroothide.tbd in Frameworks */,
			);
			runOnlyForDeploymentPostprocessing = 0;
		};
/* End PBXFrameworksBuildPhase section */

/* Begin PBXGroup section */
		840A94872C6C9F3C00180FFA /* roothide */ = {
			isa = PBXGroup;
			children = (
				840A94882C6C9F3C00180FFA /* roothide.h */,
				840A94892C6C9F3C00180FFA /* libroothide.tbd */,
				840A948A2C6C9F3C00180FFA /* module.modulemap */,
				840A948B2C6C9F3C00180FFA /* stub.h */,
			);
			path = roothide;
			sourceTree = "<group>";
		};
		A672ABA627F748DE00878787 = {
			isa = PBXGroup;
			children = (
				842F706A2ACB58BB002E5574 /* control */,
				8477B60A2A866CBA000632D0 /* entitlements.plist */,
				845F90C02BC4227400E993FB /* Makefile */,
				A672ABB127F748DE00878787 /* Umbra */,
				A672ABB027F748DE00878787 /* Products */,
				BFE9353B27F753D30022D46C /* Frameworks */,
			);
			sourceTree = "<group>";
		};
		A672ABB027F748DE00878787 /* Products */ = {
			isa = PBXGroup;
			children = (
				A672ABAF27F748DE00878787 /* Umbra.app */,
			);
			name = Products;
			sourceTree = "<group>";
		};
		A672ABB127F748DE00878787 /* Umbra */ = {
			isa = PBXGroup;
			children = (
				1F1F7322E3D6FD9B8F13C6F4 /* AppDelegate.swift */,
				EFC90D4646905E1C675CD010 /* AppUI.swift */,
				48D98F0ECB7381B5EE018586 /* ApplicationsViewController.swift */,
				DE1A8B1793CBF40B3F3CC395 /* CleanerViewController.swift */,
				5DF354BA4E12ECD10CD88066 /* SettingsViewController.swift */,
				C651B7E5F16BFE7972ED4FED /* URLSchemeRulesViewController.swift */,
				5A3867B2F887651DAF4ED47F /* URLSchemeRules.swift */,
				1FBE446981E8180EE6C00850 /* ServicePortsViewController.swift */,
				1FC90C131A8DAF0249A56E4D /* RHServicePorts.m */,
				AD440198402C438BF83FD09C /* RHServicePorts.h */,
				5B93F034CF26E44536274ABC /* Umbra-Bridging-Header.h */,
				24159C11A4C175F78AA2BD6A /* RHBackend.h */,
				570EE24F94889E07F90B9E5D /* RHBackend.m */,
				6367A7F018A237654230766F /* RHCleaner.h */,
				9FDA5EF4DF8534306039B07C /* RHCleaner.m */,
				1D0D1BEDF1A3D6E5DD573FEF /* Localizable.xcstrings */,
				28E6D18ED1F42CD12BC54B07 /* VarCleanRules.h */,
				840A94872C6C9F3C00180FFA /* roothide */,
				840A948C2C6C9F3C00180FFA /* roothide.h */,
				BFA303472A47EBA800DC242C /* AppInfo.h */,
				BFA3034A2A47EBA800DC242C /* AppInfo.m */,
				8477B5DD2A75269B000632D0 /* NSJSONSerialization+Comments.h */,
				8477B5E02A7526AB000632D0 /* NSJSONSerialization+Comments.m */,
				848148282D131A2800CB9FA9 /* AppDataCleaner.m */,
				84BBFAC72A741C800054A68E /* VarCleanRules.json */,
				A672ABC427F748E100878787 /* main.m */,
				A672ABBE27F748E100878787 /* Assets.xcassets */,
				A672ABC327F748E100878787 /* Info.plist */,
			);
			path = Umbra;
			sourceTree = "<group>";
		};
		BFE9353B27F753D30022D46C /* Frameworks */ = {
			isa = PBXGroup;
			children = (
				848D86662DBC606D003C680F /* IOKit.framework */,
				847EBF802D9B01DB0052E18F /* MobileCoreServices.framework */,
			);
			name = Frameworks;
			sourceTree = "<group>";
		};
/* End PBXGroup section */

/* Begin PBXNativeTarget section */
		A672ABAE27F748DE00878787 /* Umbra */ = {
			isa = PBXNativeTarget;
			buildConfigurationList = A672ABC827F748E100878787 /* Build configuration list for PBXNativeTarget "Umbra" */;
			buildPhases = (
				A672ABAB27F748DE00878787 /* Sources */,
				A672ABAC27F748DE00878787 /* Frameworks */,
				A672ABAD27F748DE00878787 /* Resources */,
			);
			buildRules = (
			);
			dependencies = (
			);
			name = Umbra;
			productName = Umbra;
			productReference = A672ABAF27F748DE00878787 /* Umbra.app */;
			productType = "com.apple.product-type.application";
		};
/* End PBXNativeTarget section */

/* Begin PBXProject section */
		A672ABA727F748DE00878787 /* Project object */ = {
			isa = PBXProject;
			attributes = {
				BuildIndependentTargetsInParallel = 1;
				LastUpgradeCheck = 1330;
				TargetAttributes = {
					A672ABAE27F748DE00878787 = {
						CreatedOnToolsVersion = 13.3;
					};
				};
			};
			buildConfigurationList = A672ABAA27F748DE00878787 /* Build configuration list for PBXProject "Umbra" */;
			compatibilityVersion = "Xcode 8.0";
			developmentRegion = en;
			hasScannedForEncodings = 0;
			knownRegions = (
				en,
				Base,
				de,
				ar,
				fr,
				"zh-Hans",
				ja,
				it,
				vi,
			);
			mainGroup = A672ABA627F748DE00878787;
			productRefGroup = A672ABB027F748DE00878787 /* Products */;
			projectDirPath = "";
			projectRoot = "";
			targets = (
				A672ABAE27F748DE00878787 /* Umbra */,
			);
		};
/* End PBXProject section */

/* Begin PBXResourcesBuildPhase section */
		A672ABAD27F748DE00878787 /* Resources */ = {
			isa = PBXResourcesBuildPhase;
			buildActionMask = 2147483647;
			files = (
				1ABB0BD182343F4D3D34C97F /* Localizable.xcstrings in Resources */,
				A672ABBF27F748E100878787 /* Assets.xcassets in Resources */,
				84BBFAC92A7420100054A68E /* VarCleanRules.json in Resources */,
			);
			runOnlyForDeploymentPostprocessing = 0;
		};
/* End PBXResourcesBuildPhase section */

/* Begin PBXSourcesBuildPhase section */
		A672ABAB27F748DE00878787 /* Sources */ = {
			isa = PBXSourcesBuildPhase;
			buildActionMask = 2147483647;
			files = (
				BFA3034C2A47EBA800DC242C /* AppInfo.m in Sources */,
				A9B47589F1C47027677602E0 /* AppDelegate.swift in Sources */,
				427A750B42BCB2821214B1D1 /* AppUI.swift in Sources */,
				DE3EF99B42548AABDB56B5F8 /* ApplicationsViewController.swift in Sources */,
				15386168BE3D6F1250F2C642 /* CleanerViewController.swift in Sources */,
				A47807C9DBB8B298C437C870 /* SettingsViewController.swift in Sources */,
				853872BBF6F4A946C7A49E52 /* URLSchemeRulesViewController.swift in Sources */,
				9CE313C1225F23ECFF381842 /* URLSchemeRules.swift in Sources */,
				87A875551EF338E170387F1F /* ServicePortsViewController.swift in Sources */,
				AF737F9D50873E5F2A866352 /* RHServicePorts.m in Sources */,
				696E2EA6DC77AF0F1EDF6028 /* RHBackend.m in Sources */,
				719B1BF0B660FB7CEF034554 /* RHCleaner.m in Sources */,
				A672ABC527F748E100878787 /* main.m in Sources */,
				8477B5E22A7526AB000632D0 /* NSJSONSerialization+Comments.m in Sources */,
				848148292D131A2800CB9FA9 /* AppDataCleaner.m in Sources */,
			);
			runOnlyForDeploymentPostprocessing = 0;
		};
/* End PBXSourcesBuildPhase section */


/* Begin XCBuildConfiguration section */
		A672ABC627F748E100878787 /* Debug */ = {
			isa = XCBuildConfiguration;
			buildSettings = {
				ALWAYS_SEARCH_USER_PATHS = NO;
				CLANG_ANALYZER_LOCALIZABILITY_NONLOCALIZED = YES;
				CLANG_ANALYZER_NONNULL = YES;
				CLANG_ANALYZER_NUMBER_OBJECT_CONVERSION = YES_AGGRESSIVE;
				CLANG_CXX_LANGUAGE_STANDARD = "gnu++17";
				CLANG_ENABLE_MODULES = YES;
				CLANG_ENABLE_OBJC_ARC = YES;
				CLANG_ENABLE_OBJC_WEAK = YES;
				CLANG_WARN_BLOCK_CAPTURE_AUTORELEASING = YES;
				CLANG_WARN_BOOL_CONVERSION = YES;
				CLANG_WARN_COMMA = YES;
				CLANG_WARN_CONSTANT_CONVERSION = YES;
				CLANG_WARN_DEPRECATED_OBJC_IMPLEMENTATIONS = YES;
				CLANG_WARN_DIRECT_OBJC_ISA_USAGE = YES_ERROR;
				CLANG_WARN_DOCUMENTATION_COMMENTS = YES;
				CLANG_WARN_EMPTY_BODY = YES;
				CLANG_WARN_ENUM_CONVERSION = YES;
				CLANG_WARN_INFINITE_RECURSION = YES;
				CLANG_WARN_INT_CONVERSION = YES;
				CLANG_WARN_NON_LITERAL_NULL_CONVERSION = YES;
				CLANG_WARN_OBJC_IMPLICIT_RETAIN_SELF = YES;
				CLANG_WARN_OBJC_LITERAL_CONVERSION = YES;
				CLANG_WARN_OBJC_ROOT_CLASS = YES_ERROR;
				CLANG_WARN_QUOTED_INCLUDE_IN_FRAMEWORK_HEADER = YES;
				CLANG_WARN_RANGE_LOOP_ANALYSIS = YES;
				CLANG_WARN_STRICT_PROTOTYPES = YES;
				CLANG_WARN_SUSPICIOUS_MOVE = YES;
				CLANG_WARN_UNGUARDED_AVAILABILITY = YES_AGGRESSIVE;
				CLANG_WARN_UNREACHABLE_CODE = YES;
				CLANG_WARN__DUPLICATE_METHOD_MATCH = YES;
				COPY_PHASE_STRIP = NO;
				DEBUG_INFORMATION_FORMAT = dwarf;
				ENABLE_STRICT_OBJC_MSGSEND = YES;
				ENABLE_TESTABILITY = YES;
				GCC_C_LANGUAGE_STANDARD = gnu11;
				GCC_DYNAMIC_NO_PIC = NO;
				GCC_NO_COMMON_BLOCKS = YES;
				GCC_OPTIMIZATION_LEVEL = 0;
				GCC_PREPROCESSOR_DEFINITIONS = (
					"DEBUG=1",
					"$(inherited)",
				);
				GCC_WARN_64_TO_32_BIT_CONVERSION = YES;
				GCC_WARN_ABOUT_RETURN_TYPE = YES_ERROR;
				GCC_WARN_UNDECLARED_SELECTOR = YES;
				GCC_WARN_UNINITIALIZED_AUTOS = YES_AGGRESSIVE;
				GCC_WARN_UNUSED_FUNCTION = YES;
				GCC_WARN_UNUSED_VARIABLE = YES;
				IPHONEOS_DEPLOYMENT_TARGET = 15.0;
				MTL_ENABLE_DEBUG_INFO = INCLUDE_SOURCE;
				MTL_FAST_MATH = YES;
				ONLY_ACTIVE_ARCH = YES;
				SDKROOT = iphoneos;
			};
			name = Debug;
		};
		A672ABC727F748E100878787 /* Release */ = {
			isa = XCBuildConfiguration;
			buildSettings = {
				ALWAYS_SEARCH_USER_PATHS = NO;
				CLANG_ANALYZER_LOCALIZABILITY_NONLOCALIZED = YES;
				CLANG_ANALYZER_NONNULL = YES;
				CLANG_ANALYZER_NUMBER_OBJECT_CONVERSION = YES_AGGRESSIVE;
				CLANG_CXX_LANGUAGE_STANDARD = "gnu++17";
				CLANG_ENABLE_MODULES = YES;
				CLANG_ENABLE_OBJC_ARC = YES;
				CLANG_ENABLE_OBJC_WEAK = YES;
				CLANG_WARN_BLOCK_CAPTURE_AUTORELEASING = YES;
				CLANG_WARN_BOOL_CONVERSION = YES;
				CLANG_WARN_COMMA = YES;
				CLANG_WARN_CONSTANT_CONVERSION = YES;
				CLANG_WARN_DEPRECATED_OBJC_IMPLEMENTATIONS = YES;
				CLANG_WARN_DIRECT_OBJC_ISA_USAGE = YES_ERROR;
				CLANG_WARN_DOCUMENTATION_COMMENTS = YES;
				CLANG_WARN_EMPTY_BODY = YES;
				CLANG_WARN_ENUM_CONVERSION = YES;
				CLANG_WARN_INFINITE_RECURSION = YES;
				CLANG_WARN_INT_CONVERSION = YES;
				CLANG_WARN_NON_LITERAL_NULL_CONVERSION = YES;
				CLANG_WARN_OBJC_IMPLICIT_RETAIN_SELF = YES;
				CLANG_WARN_OBJC_LITERAL_CONVERSION = YES;
				CLANG_WARN_OBJC_ROOT_CLASS = YES_ERROR;
				CLANG_WARN_QUOTED_INCLUDE_IN_FRAMEWORK_HEADER = YES;
				CLANG_WARN_RANGE_LOOP_ANALYSIS = YES;
				CLANG_WARN_STRICT_PROTOTYPES = YES;
				CLANG_WARN_SUSPICIOUS_MOVE = YES;
				CLANG_WARN_UNGUARDED_AVAILABILITY = YES_AGGRESSIVE;
				CLANG_WARN_UNREACHABLE_CODE = YES;
				CLANG_WARN__DUPLICATE_METHOD_MATCH = YES;
				COPY_PHASE_STRIP = NO;
				DEBUG_INFORMATION_FORMAT = "dwarf-with-dsym";
				ENABLE_NS_ASSERTIONS = NO;
				ENABLE_STRICT_OBJC_MSGSEND = YES;
				GCC_C_LANGUAGE_STANDARD = gnu11;
				GCC_NO_COMMON_BLOCKS = YES;
				GCC_WARN_64_TO_32_BIT_CONVERSION = YES;
				GCC_WARN_ABOUT_RETURN_TYPE = YES_ERROR;
				GCC_WARN_UNDECLARED_SELECTOR = YES;
				GCC_WARN_UNINITIALIZED_AUTOS = YES_AGGRESSIVE;
				GCC_WARN_UNUSED_FUNCTION = YES;
				GCC_WARN_UNUSED_VARIABLE = YES;
				IPHONEOS_DEPLOYMENT_TARGET = 15.0;
				MTL_ENABLE_DEBUG_INFO = NO;
				MTL_FAST_MATH = YES;
				SDKROOT = iphoneos;
				VALIDATE_PRODUCT = YES;
			};
			name = Release;
		};
		A672ABC927F748E100878787 /* Debug */ = {
			isa = XCBuildConfiguration;
			buildSettings = {
				ASSETCATALOG_COMPILER_APPICON_NAME = AppIcon;
				ASSETCATALOG_COMPILER_GLOBAL_ACCENT_COLOR_NAME = AccentColor;
				CODE_SIGNING_ALLOWED = NO;
				CODE_SIGN_ENTITLEMENTS = "";
				CODE_SIGN_STYLE = Manual;
				CURRENT_PROJECT_VERSION = 1;
				DEVELOPMENT_TEAM = "";
				ENABLE_BITCODE = NO;
				GENERATE_INFOPLIST_FILE = YES;
				INFOPLIST_FILE = Umbra/Info.plist;
				INFOPLIST_KEY_CFBundleDisplayName = Umbra;
				INFOPLIST_KEY_UIApplicationSupportsIndirectInputEvents = YES;
				INFOPLIST_KEY_UISupportedInterfaceOrientations_iPad = "UIInterfaceOrientationPortrait UIInterfaceOrientationPortraitUpsideDown UIInterfaceOrientationLandscapeLeft UIInterfaceOrientationLandscapeRight";
				INFOPLIST_KEY_UISupportedInterfaceOrientations_iPhone = "UIInterfaceOrientationPortrait UIInterfaceOrientationLandscapeLeft UIInterfaceOrientationLandscapeRight";
				IPHONEOS_DEPLOYMENT_TARGET = 15.0;
				LD_RUNPATH_SEARCH_PATHS = (
					"$(inherited)",
					"@executable_path/Frameworks",
				);
				LIBRARY_SEARCH_PATHS = (
					"$(inherited)",
					"$(PROJECT_DIR)",
					"$(PROJECT_DIR)/Umbra",
					"$(PROJECT_DIR)/Umbra/roothide",
				);
				MARKETING_VERSION = 2.0;
				PRODUCT_BUNDLE_IDENTIFIER = wiki.qaq.umbra;
				PRODUCT_NAME = "$(TARGET_NAME)";
				PROVISIONING_PROFILE_SPECIFIER = "";
				SUPPORTS_MACCATALYST = NO;
				SWIFT_EMIT_LOC_STRINGS = NO;
				SWIFT_VERSION = 5.0;
				"OTHER_SWIFT_FLAGS[arch=arm64e]" = "$(inherited) -Xfrontend -sign-class-ro";
				SWIFT_OBJC_BRIDGING_HEADER = "Umbra/Umbra-Bridging-Header.h";
				OTHER_LDFLAGS = ("$(inherited)", "-lz");
				TARGETED_DEVICE_FAMILY = "1,2";
				USER_HEADER_SEARCH_PATHS = "$(PROJECT_DIR)";
			};
			name = Debug;
		};
		A672ABCA27F748E100878787 /* Release */ = {
			isa = XCBuildConfiguration;
			buildSettings = {
				ASSETCATALOG_COMPILER_APPICON_NAME = AppIcon;
				ASSETCATALOG_COMPILER_GLOBAL_ACCENT_COLOR_NAME = AccentColor;
				CODE_SIGNING_ALLOWED = NO;
				CODE_SIGN_ENTITLEMENTS = "";
				CODE_SIGN_STYLE = Manual;
				CURRENT_PROJECT_VERSION = 1;
				DEVELOPMENT_TEAM = "";
				ENABLE_BITCODE = NO;
				GENERATE_INFOPLIST_FILE = YES;
				INFOPLIST_FILE = Umbra/Info.plist;
				INFOPLIST_KEY_CFBundleDisplayName = Umbra;
				INFOPLIST_KEY_UIApplicationSupportsIndirectInputEvents = YES;
				INFOPLIST_KEY_UISupportedInterfaceOrientations_iPad = "UIInterfaceOrientationPortrait UIInterfaceOrientationPortraitUpsideDown UIInterfaceOrientationLandscapeLeft UIInterfaceOrientationLandscapeRight";
				INFOPLIST_KEY_UISupportedInterfaceOrientations_iPhone = "UIInterfaceOrientationPortrait UIInterfaceOrientationLandscapeLeft UIInterfaceOrientationLandscapeRight";
				IPHONEOS_DEPLOYMENT_TARGET = 15.0;
				LD_RUNPATH_SEARCH_PATHS = (
					"$(inherited)",
					"@executable_path/Frameworks",
				);
				LIBRARY_SEARCH_PATHS = (
					"$(inherited)",
					"$(PROJECT_DIR)",
					"$(PROJECT_DIR)/Umbra",
					"$(PROJECT_DIR)/Umbra/roothide",
				);
				MARKETING_VERSION = 2.0;
				PRODUCT_BUNDLE_IDENTIFIER = wiki.qaq.umbra;
				PRODUCT_NAME = "$(TARGET_NAME)";
				PROVISIONING_PROFILE_SPECIFIER = "";
				SUPPORTS_MACCATALYST = NO;
				SWIFT_EMIT_LOC_STRINGS = NO;
				SWIFT_VERSION = 5.0;
				"OTHER_SWIFT_FLAGS[arch=arm64e]" = "$(inherited) -Xfrontend -sign-class-ro";
				SWIFT_OBJC_BRIDGING_HEADER = "Umbra/Umbra-Bridging-Header.h";
				OTHER_LDFLAGS = ("$(inherited)", "-lz");
				TARGETED_DEVICE_FAMILY = "1,2";
				USER_HEADER_SEARCH_PATHS = "$(PROJECT_DIR)";
			};
			name = Release;
		};
/* End XCBuildConfiguration section */

/* Begin XCConfigurationList section */
		A672ABAA27F748DE00878787 /* Build configuration list for PBXProject "Umbra" */ = {
			isa = XCConfigurationList;
			buildConfigurations = (
				A672ABC627F748E100878787 /* Debug */,
				A672ABC727F748E100878787 /* Release */,
			);
			defaultConfigurationIsVisible = 0;
			defaultConfigurationName = Release;
		};
		A672ABC827F748E100878787 /* Build configuration list for PBXNativeTarget "Umbra" */ = {
			isa = XCConfigurationList;
			buildConfigurations = (
				A672ABC927F748E100878787 /* Debug */,
				A672ABCA27F748E100878787 /* Release */,
			);
			defaultConfigurationIsVisible = 0;
			defaultConfigurationName = Release;
		};
/* End XCConfigurationList section */
	};
	rootObject = A672ABA727F748DE00878787 /* Project object */;
}
